
Microsoft Visual Studio Solution File, Format Version 12.00
# Visual Studio Version 16
VisualStudioVersion = 16.0.31624.102
MinimumVisualStudioVersion = 10.0.40219.1
Project("{FAE04EC0-301F-11D3-BF4B-00C04F79EFBC}") = "HW1", "HW1\HW1.csproj", "{73280CD2-AFA4-461C-A0BE-FB05D8AD3AE1}"
EndProject
Global
	GlobalSection(SolutionConfigurationPlatforms) = preSolution
		Debug|Any CPU = Debug|Any CPU
		Release|Any CPU = Release|Any CPU
	EndGlobalSection
	GlobalSection(ProjectConfigurationPlatforms) = postSolution
		{73280CD2-AFA4-461C-A0BE-FB05D8AD3AE1}.Debug|Any CPU.ActiveCfg = Debug|Any CPU
		{73280CD2-AFA4-461C-A0BE-FB05D8AD3AE1}.Debug|Any CPU.Build.0 = Debug|Any CPU
		{73280CD2-AFA4-461C-A0BE-FB05D8AD3AE1}.Release|Any CPU.ActiveCfg = Release|Any CPU
		{73280CD2-AFA4-461C-A0BE-FB05D8AD3AE1}.Release|Any CPU.Build.0 = Release|Any CPU
	EndGlobalSection
	GlobalSection(SolutionProperties) = preSolution
		HideSolutionNode = FALSE
	EndGlobalSection
	GlobalSection(ExtensibilityGlobals) = postSolution
		SolutionGuid = {00618942-C42C-4B27-95AD-E72537CF3932}
	EndGlobalSection
EndGlobal
